// !$*UTF8*$!
{
	archiveVersion = 1;
	classes = {
	};
	objectVersion = 46;
	objects = {

/* Begin PBXBuildFile section */
		AE2F22BE1E85DA24008E7F83 /* SomeExtremeCode.cpp in Sources */ = {isa = PBXBuildFile; fileRef = AE2F22BC1E85DA24008E7F83 /* SomeExtremeCode.cpp */; settings = {COMPILER_FLAGS = "-fvisibility=hidden"; }; };
		AEB3CE6B1E849BBF0098118B /* libStaticLibA.a in Frameworks */ = {isa = PBXBuildFile; fileRef = AEB3CE6A1E849BBF0098118B /* libStaticLibA.a */; };
		AEE2A6F01E8473410051F098 /* StaticLibB.mm in Sources */ = {isa = PBXBuildFile; fileRef = AEE2A6EF1E8473410051F098 /* StaticLibB.mm */; };
		AEFA4CF21E89F16900F9B7EB /* StaticLibB.h in Headers */ = {isa = PBXBuildFile; fileRef = AEE2A6EE1E8473410051F098 /* StaticLibB.h */; settings = {ATTRIBUTES = (Public, ); }; };
		AEFA4CF31E89F16900F9B7EB /* SomeExtremeCode.hpp in Headers */ = {isa = PBXBuildFile; fileRef = AE2F22BD1E85DA24008E7F83 /* SomeExtremeCode.hpp */; };
/* End PBXBuildFile section */

/* Begin PBXFileReference section */
		AE2F22BC1E85DA24008E7F83 /* SomeExtremeCode.cpp */ = {isa = PBXFileReference; fileEncoding = 4; lastKnownFileType = sourcecode.cpp.cpp; path = SomeExtremeCode.cpp; sourceTree = "<group>"; };
		AE2F22BD1E85DA24008E7F83 /* SomeExtremeCode.hpp */ = {isa = PBXFileReference; fileEncoding = 4; lastKnownFileType = sourcecode.cpp.h; path = SomeExtremeCode.hpp; sourceTree = "<group>"; };
		AEB3CE6A1E849BBF0098118B /* libStaticLibA.a */ = {isa = PBXFileReference; lastKnownFileType = archive.ar; name = libStaticLibA.a; path = lib/libStaticLibA.a; sourceTree = "<group>"; };
		AEE2A6EB1E8473410051F098 /* libStaticLibB.a */ = {isa = PBXFileReference; explicitFileType = archive.ar; includeInIndex = 0; path = libStaticLibB.a; sourceTree = BUILT_PRODUCTS_DIR; };
		AEE2A6EE1E8473410051F098 /* StaticLibB.h */ = {isa = PBXFileReference; lastKnownFileType = sourcecode.c.h; path = StaticLibB.h; sourceTree = "<group>"; };
		AEE2A6EF1E8473410051F098 /* StaticLibB.mm */ = {isa = PBXFileReference; lastKnownFileType = sourcecode.cpp.objcpp; path = StaticLibB.mm; sourceTree = "<group>"; };
/* End PBXFileReference section */

/* Begin PBXFrameworksBuildPhase section */
		AEE2A6E81E8473410051F098 /* Frameworks */ = {
			isa = PBXFrameworksBuildPhase;
			buildActionMask = 2147483647;
			files = (
				AEB3CE6B1E849BBF0098118B /* libStaticLibA.a in Frameworks */,
			);
			runOnlyForDeploymentPostprocessing = 0;
		};
/* End PBXFrameworksBuildPhase section */

/* Begin PBXGroup section */
		AEB3CE691E849BBE0098118B /* Frameworks */ = {
			isa = PBXGroup;
			children = (
				AEB3CE6A1E849BBF0098118B /* libStaticLibA.a */,
			);
			name = Frameworks;
			sourceTree = "<group>";
		};
		AEE2A6E21E8473410051F098 = {
			isa = PBXGroup;
			children = (
				AEE2A6ED1E8473410051F098 /* StaticLibB */,
				AEE2A6EC1E8473410051F098 /* Products */,
				AEB3CE691E849BBE0098118B /* Frameworks */,
			);
			sourceTree = "<group>";
		};
		AEE2A6EC1E8473410051F098 /* Products */ = {
			isa = PBXGroup;
			children = (
				AEE2A6EB1E8473410051F098 /* libStaticLibB.a */,
			);
			name = Products;
			sourceTree = "<group>";
		};
		AEE2A6ED1E8473410051F098 /* StaticLibB */ = {
			isa = PBXGroup;
			children = (
				AEE2A6EE1E8473410051F098 /* StaticLibB.h */,
				AEE2A6EF1E8473410051F098 /* StaticLibB.mm */,
				AE2F22BD1E85DA24008E7F83 /* SomeExtremeCode.hpp */,
				AE2F22BC1E85DA24008E7F83 /* SomeExtremeCode.cpp */,
			);
			path = StaticLibB;
			sourceTree = "<group>";
		};
/* End PBXGroup section */

/* Begin PBXHeadersBuildPhase section */
		AEFA4CF11E89F16000F9B7EB /* Headers */ = {
			isa = PBXHeadersBuildPhase;
			buildActionMask = 2147483647;
			files = (
				AEFA4CF21E89F16900F9B7EB /* StaticLibB.h in Headers */,
				AEFA4CF31E89F16900F9B7EB /* SomeExtremeCode.hpp in Headers */,
			);
			runOnlyForDeploymentPostprocessing = 0;
		};
/* End PBXHeadersBuildPhase section */

/* Begin PBXNativeTarget section */
		AEE2A6EA1E8473410051F098 /* StaticLibB */ = {
			isa = PBXNativeTarget;
			buildConfigurationList = AEE2A6F41E8473410051F098 /* Build configuration list for PBXNativeTarget "StaticLibB" */;
			buildPhases = (
				AEFA4CF11E89F16000F9B7EB /* Headers */,
				AEE2A6E71E8473410051F098 /* Sources */,
				AEE2A6E81E8473410051F098 /* Frameworks */,
			);
			buildRules = (
			);
			dependencies = (
			);
			name = StaticLibB;
			productName = StaticLibB;
			productReference = AEE2A6EB1E8473410051F098 /* libStaticLibB.a */;
			productType = "com.apple.product-type.library.static";
		};
/* End PBXNativeTarget section */

/* Begin PBXProject section */
		AEE2A6E31E8473410051F098 /* Project object */ = {
			isa = PBXProject;
			attributes = {
				LastUpgradeCheck = 0820;
				ORGANIZATIONNAME = "Fyusion, Inc.";
				TargetAttributes = {
					AEE2A6EA1E8473410051F098 = {
						CreatedOnToolsVersion = 8.2.1;
						DevelopmentTeam = FPLWU74ZS9;
						ProvisioningStyle = Automatic;
					};
				};
			};
			buildConfigurationList = AEE2A6E61E8473410051F098 /* Build configuration list for PBXProject "StaticLibB" */;
			compatibilityVersion = "Xcode 3.2";
			developmentRegion = English;
			hasScannedForEncodings = 0;
			knownRegions = (
				en,
			);
			mainGroup = AEE2A6E21E8473410051F098;
			productRefGroup = AEE2A6EC1E8473410051F098 /* Products */;
			projectDirPath = "";
			projectRoot = "";
			targets = (
				AEE2A6EA1E8473410051F098 /* StaticLibB */,
			);
		};
/* End PBXProject section */

/* Begin PBXSourcesBuildPhase section */
		AEE2A6E71E8473410051F098 /* Sources */ = {
			isa = PBXSourcesBuildPhase;
			buildActionMask = 2147483647;
			files = (
				AEE2A6F01E8473410051F098 /* StaticLibB.mm in Sources */,
				AE2F22BE1E85DA24008E7F83 /* SomeExtremeCode.cpp in Sources */,
			);
			runOnlyForDeploymentPostprocessing = 0;
		};
/* End PBXSourcesBuildPhase section */

/* Begin XCBuildConfiguration section */
		AEE2A6F21E8473410051F098 /* Debug */ = {
			isa = XCBuildConfiguration;
			buildSettings = {
				ALWAYS_SEARCH_USER_PATHS = NO;
				CLANG_ANALYZER_NONNULL = YES;
				CLANG_CXX_LANGUAGE_STANDARD = "gnu++0x";
				CLANG_CXX_LIBRARY = "libstdc++";
				CLANG_ENABLE_MODULES = YES;
				CLANG_ENABLE_OBJC_ARC = YES;
				CLANG_WARN_BOOL_CONVERSION = YES;
				CLANG_WARN_CONSTANT_CONVERSION = YES;
				CLANG_WARN_DIRECT_OBJC_ISA_USAGE = YES_ERROR;
				CLANG_WARN_DOCUMENTATION_COMMENTS = YES;
				CLANG_WARN_EMPTY_BODY = YES;
				CLANG_WARN_ENUM_CONVERSION = YES;
				CLANG_WARN_INFINITE_RECURSION = YES;
				CLANG_WARN_INT_CONVERSION = YES;
				CLANG_WARN_OBJC_ROOT_CLASS = YES_ERROR;
				CLANG_WARN_SUSPICIOUS_MOVE = YES;
				CLANG_WARN_UNREACHABLE_CODE = YES;
				CLANG_WARN__DUPLICATE_METHOD_MATCH = YES;
				"CODE_SIGN_IDENTITY[sdk=iphoneos*]" = "iPhone Developer";
				COPY_PHASE_STRIP = NO;
				DEBUG_INFORMATION_FORMAT = dwarf;
				ENABLE_STRICT_OBJC_MSGSEND = YES;
				ENABLE_TESTABILITY = YES;
				GCC_C_LANGUAGE_STANDARD = gnu99;
				GCC_DYNAMIC_NO_PIC = NO;
				GCC_NO_COMMON_BLOCKS = YES;
				GCC_OPTIMIZATION_LEVEL = 0;
				GCC_PREPROCESSOR_DEFINITIONS = (
					"DEBUG=1",
					"$(inherited)",
				);
				GCC_WARN_64_TO_32_BIT_CONVERSION = YES;
				GCC_WARN_ABOUT_RETURN_TYPE = YES_ERROR;
				GCC_WARN_UNDECLARED_SELECTOR = YES;
				GCC_WARN_UNINITIALIZED_AUTOS = YES_AGGRESSIVE;
				GCC_WARN_UNUSED_FUNCTION = YES;
				GCC_WARN_UNUSED_VARIABLE = YES;
				IPHONEOS_DEPLOYMENT_TARGET = 8.0;
				MTL_ENABLE_DEBUG_INFO = YES;
				ONLY_ACTIVE_ARCH = YES;
				SDKROOT = iphoneos;
			};
			name = Debug;
		};
		AEE2A6F31E8473410051F098 /* Release */ = {
			isa = XCBuildConfiguration;
			buildSettings = {
				ALWAYS_SEARCH_USER_PATHS = NO;
				CLANG_ANALYZER_NONNULL = YES;
				CLANG_CXX_LANGUAGE_STANDARD = "gnu++0x";
				CLANG_CXX_LIBRARY = "libstdc++";
				CLANG_ENABLE_MODULES = YES;
				CLANG_ENABLE_OBJC_ARC = YES;
				CLANG_WARN_BOOL_CONVERSION = YES;
				CLANG_WARN_CONSTANT_CONVERSION = YES;
				CLANG_WARN_DIRECT_OBJC_ISA_USAGE = YES_ERROR;
				CLANG_WARN_DOCUMENTATION_COMMENTS = YES;
				CLANG_WARN_EMPTY_BODY = YES;
				CLANG_WARN_ENUM_CONVERSION = YES;
				CLANG_WARN_INFINITE_RECURSION = YES;
				CLANG_WARN_INT_CONVERSION = YES;
				CLANG_WARN_OBJC_ROOT_CLASS = YES_ERROR;
				CLANG_WARN_SUSPICIOUS_MOVE = YES;
				CLANG_WARN_UNREACHABLE_CODE = YES;
				CLANG_WARN__DUPLICATE_METHOD_MATCH = YES;
				"CODE_SIGN_IDENTITY[sdk=iphoneos*]" = "iPhone Developer";
				COPY_PHASE_STRIP = NO;
				DEBUG_INFORMATION_FORMAT = "dwarf-with-dsym";
				ENABLE_NS_ASSERTIONS = NO;
				ENABLE_STRICT_OBJC_MSGSEND = YES;
				GCC_C_LANGUAGE_STANDARD = gnu99;
				GCC_NO_COMMON_BLOCKS = YES;
				GCC_WARN_64_TO_32_BIT_CONVERSION = YES;
				GCC_WARN_ABOUT_RETURN_TYPE = YES_ERROR;
				GCC_WARN_UNDECLARED_SELECTOR = YES;
				GCC_WARN_UNINITIALIZED_AUTOS = YES_AGGRESSIVE;
				GCC_WARN_UNUSED_FUNCTION = YES;
				GCC_WARN_UNUSED_VARIABLE = YES;
				IPHONEOS_DEPLOYMENT_TARGET = 8.0;
				MTL_ENABLE_DEBUG_INFO = NO;
				SDKROOT = iphoneos;
				VALIDATE_PRODUCT = YES;
			};
			name = Release;
		};
		AEE2A6F51E8473410051F098 /* Debug */ = {
			isa = XCBuildConfiguration;
			buildSettings = {
				DEVELOPMENT_TEAM = FPLWU74ZS9;
				HEADER_SEARCH_PATHS = $SOURCE_ROOT/include;
				IPHONEOS_DEPLOYMENT_TARGET = 8.0;
				LIBRARY_SEARCH_PATHS = (
					"$(inherited)",
					"$(PROJECT_DIR)",
					"$(PROJECT_DIR)/lib",
				);
				OTHER_LDFLAGS = (
					"-ObjC",
					"-lc++",
				);
				PRODUCT_NAME = "$(TARGET_NAME)";
				SKIP_INSTALL = YES;
			};
			name = Debug;
		};
		AEE2A6F61E8473410051F098 /* Release */ = {
			isa = XCBuildConfiguration;
			buildSettings = {
				DEVELOPMENT_TEAM = FPLWU74ZS9;
				HEADER_SEARCH_PATHS = $SOURCE_ROOT/include;
				IPHONEOS_DEPLOYMENT_TARGET = 8.0;
				LIBRARY_SEARCH_PATHS = (
					"$(inherited)",
					"$(PROJECT_DIR)",
					"$(PROJECT_DIR)/lib",
				);
				OTHER_LDFLAGS = (
					"-ObjC",
					"-lc++",
				);
				PRODUCT_NAME = "$(TARGET_NAME)";
				SKIP_INSTALL = YES;
			};
			name = Release;
		};
/* End XCBuildConfiguration section */

/* Begin XCConfigurationList section */
		AEE2A6E61E8473410051F098 /* Build configuration list for PBXProject "StaticLibB" */ = {
			isa = XCConfigurationList;
			buildConfigurations = (
				AEE2A6F21E8473410051F098 /* Debug */,
				AEE2A6F31E8473410051F098 /* Release */,
			);
			defaultConfigurationIsVisible = 0;
			defaultConfigurationName = Release;
		};
		AEE2A6F41E8473410051F098 /* Build configuration list for PBXNativeTarget "StaticLibB" */ = {
			isa = XCConfigurationList;
			buildConfigurations = (
				AEE2A6F51E8473410051F098 /* Debug */,
				AEE2A6F61E8473410051F098 /* Release */,
			);
			defaultConfigurationIsVisible = 0;
			defaultConfigurationName = Release;
		};
/* End XCConfigurationList section */
	};
	rootObject = AEE2A6E31E8473410051F098 /* Project object */;
}
